
Microsoft Visual Studio Solution File, Format Version 12.00
# Visual Studio Version 17
VisualStudioVersion = 17.0.31919.166
MinimumVisualStudioVersion = 10.0.40219.1
Project("{FAE04EC0-301F-11D3-BF4B-00C04F79EFBC}") = "DietownikApp", "DietownikApp\DietownikApp.csproj", "{653CE023-19B9-4597-8F9D-017388E27FC6}"
EndProject
Global
	GlobalSection(SolutionConfigurationPlatforms) = preSolution
		Debug|Any CPU = Debug|Any CPU
		Release|Any CPU = Release|Any CPU
	EndGlobalSection
	GlobalSection(ProjectConfigurationPlatforms) = postSolution
		{653CE023-19B9-4597-8F9D-017388E27FC6}.Debug|Any CPU.ActiveCfg = Debug|Any CPU
		{653CE023-19B9-4597-8F9D-017388E27FC6}.Debug|Any CPU.Build.0 = Debug|Any CPU
		{653CE023-19B9-4597-8F9D-017388E27FC6}.Release|Any CPU.ActiveCfg = Release|Any CPU
		{653CE023-19B9-4597-8F9D-017388E27FC6}.Release|Any CPU.Build.0 = Release|Any CPU
	EndGlobalSection
	GlobalSection(SolutionProperties) = preSolution
		HideSolutionNode = FALSE
	EndGlobalSection
	GlobalSection(ExtensibilityGlobals) = postSolution
		SolutionGuid = {559093B4-DB86-476B-9AB3-BC829E9E3DD2}
	EndGlobalSection
EndGlobal
